
Microsoft Visual Studio Solution File, Format Version 12.00
# Visual Studio Version 17
VisualStudioVersion = 17.6.33723.286
MinimumVisualStudioVersion = 10.0.40219.1
Project("{2150E333-8FDC-42A3-9474-1A3956D46DE8}") = "TestRabbit", "TestRabbit", "{C4CEAFE1-5452-43D9-A85B-FD570724A8C2}"
EndProject
Project("{2150E333-8FDC-42A3-9474-1A3956D46DE8}") = "MicroRabbit", "MicroRabbit", "{7FBC3320-DE20-4DCC-94D2-C8EE2366FBB9}"
EndProject
Project("{2150E333-8FDC-42A3-9474-1A3956D46DE8}") = "MicroServices", "MicroServices", "{EA3F2059-71D2-462F-AB83-34639611F2A4}"
EndProject
Project("{2150E333-8FDC-42A3-9474-1A3956D46DE8}") = "Domain", "Domain", "{098C4BBC-FCD5-410B-90ED-352385F61F63}"
EndProject
Project("{9A19103F-16F7-4668-BE54-9A1E7A4F7556}") = "MicroRabbit.Domain.Core", "MicroRabbit.Domain.Core\MicroRabbit.Domain.Core.csproj", "{A698AA0A-1894-4EE3-84D4-581732AAA9C6}"
EndProject
Global
	GlobalSection(SolutionConfigurationPlatforms) = preSolution
		Debug|Any CPU = Debug|Any CPU
		Release|Any CPU = Release|Any CPU
	EndGlobalSection
	GlobalSection(ProjectConfigurationPlatforms) = postSolution
		{A698AA0A-1894-4EE3-84D4-581732AAA9C6}.Debug|Any CPU.ActiveCfg = Debug|Any CPU
		{A698AA0A-1894-4EE3-84D4-581732AAA9C6}.Debug|Any CPU.Build.0 = Debug|Any CPU
		{A698AA0A-1894-4EE3-84D4-581732AAA9C6}.Release|Any CPU.ActiveCfg = Release|Any CPU
		{A698AA0A-1894-4EE3-84D4-581732AAA9C6}.Release|Any CPU.Build.0 = Release|Any CPU
	EndGlobalSection
	GlobalSection(SolutionProperties) = preSolution
		HideSolutionNode = FALSE
	EndGlobalSection
	GlobalSection(NestedProjects) = preSolution
		{EA3F2059-71D2-462F-AB83-34639611F2A4} = {7FBC3320-DE20-4DCC-94D2-C8EE2366FBB9}
		{098C4BBC-FCD5-410B-90ED-352385F61F63} = {7FBC3320-DE20-4DCC-94D2-C8EE2366FBB9}
		{A698AA0A-1894-4EE3-84D4-581732AAA9C6} = {098C4BBC-FCD5-410B-90ED-352385F61F63}
	EndGlobalSection
	GlobalSection(ExtensibilityGlobals) = postSolution
		SolutionGuid = {E34694E6-9A2C-40E5-824A-945C661A008F}
	EndGlobalSection
EndGlobal
